
Microsoft Visual Studio Solution File, Format Version 12.00
# Visual Studio Version 17
VisualStudioVersion = 17.9.34701.34
MinimumVisualStudioVersion = 10.0.40219.1
Project("{FAE04EC0-301F-11D3-BF4B-00C04F79EFBC}") = "DoorDash", "DoorDash\DoorDash.csproj", "{214441AD-A349-4AA8-8891-F00DE50D2BE0}"
EndProject
Global
	GlobalSection(SolutionConfigurationPlatforms) = preSolution
		Debug|Any CPU = Debug|Any CPU
		Release|Any CPU = Release|Any CPU
	EndGlobalSection
	GlobalSection(ProjectConfigurationPlatforms) = postSolution
		{214441AD-A349-4AA8-8891-F00DE50D2BE0}.Debug|Any CPU.ActiveCfg = Debug|Any CPU
		{214441AD-A349-4AA8-8891-F00DE50D2BE0}.Debug|Any CPU.Build.0 = Debug|Any CPU
		{214441AD-A349-4AA8-8891-F00DE50D2BE0}.Release|Any CPU.ActiveCfg = Release|Any CPU
		{214441AD-A349-4AA8-8891-F00DE50D2BE0}.Release|Any CPU.Build.0 = Release|Any CPU
	EndGlobalSection
	GlobalSection(SolutionProperties) = preSolution
		HideSolutionNode = FALSE
	EndGlobalSection
	GlobalSection(ExtensibilityGlobals) = postSolution
		SolutionGuid = {2D563445-59E4-400C-A6E3-6494707848EE}
	EndGlobalSection
EndGlobal
